<Solution>
  <Project Path="IotPlatformDemo.API\IotPlatformDemo.API.csproj" />
  <Project Path="IotPlatformDemo.Application/IotPlatformDemo.Application.csproj" />
  <Project Path="IotPlatformDemo.Domain/IotPlatformDemo.Domain.csproj" />
  <Project Path="IotPlatformDemo.Functions/IotPlatformDemo.Functions.csproj" />
  <Project Path="IotPlatformDemo.Tests\IotPlatformDemo.Tests.csproj" />
</Solution>
